# This file is automatically @generated by Cargo.
# It is not intended for manual editing.
version = 4

[[package]]
name = "authz"
version = "0.1.0"

[[package]]
name = "connectors"
version = "0.1.0"

[[package]]
name = "kernel"
version = "0.1.0"

[[package]]
name = "knowledge"
version = "0.1.0"

[[package]]
name = "llm"
version = "0.1.0"

[[package]]
name = "protocol"
version = "0.1.0"

[[package]]
name = "runtime"
version = "0.1.0"

[[package]]
name = "storage"
version = "0.1.0"

[[package]]
name = "tenancy"
version = "0.1.0"

[[package]]
name = "tools"
version = "0.1.0"

[[package]]
name = "workflows"
version = "0.1.0"

[[package]]
name = "zeus-api"
version = "0.1.0"
